
Microsoft Visual Studio Solution File, Format Version 12.00
# Visual Studio Version 16
VisualStudioVersion = 25.0.1704.5
MinimumVisualStudioVersion = 10.0.40219.1
Project("{FAE04EC0-301F-11D3-BF4B-00C04F79EFBC}") = "Core", "Core\Core.csproj", "{EDADEC5B-E269-4664-888E-EB688C3B10F3}"
EndProject
Project("{FAE04EC0-301F-11D3-BF4B-00C04F79EFBC}") = "Data", "Data\Data.csproj", "{1B218123-527A-4EBF-A557-7B03FFA8A075}"
EndProject
Project("{FAE04EC0-301F-11D3-BF4B-00C04F79EFBC}") = "Presentation", "Presentation\Presentation.csproj", "{2A845C2C-AB41-4BB4-B06C-33016FE8F0FD}"
EndProject
Global
	GlobalSection(SolutionConfigurationPlatforms) = preSolution
		Debug|Any CPU = Debug|Any CPU
		Release|Any CPU = Release|Any CPU
	EndGlobalSection
	GlobalSection(ProjectConfigurationPlatforms) = postSolution
		{EDADEC5B-E269-4664-888E-EB688C3B10F3}.Debug|Any CPU.ActiveCfg = Debug|Any CPU
		{EDADEC5B-E269-4664-888E-EB688C3B10F3}.Debug|Any CPU.Build.0 = Debug|Any CPU
		{EDADEC5B-E269-4664-888E-EB688C3B10F3}.Release|Any CPU.ActiveCfg = Release|Any CPU
		{EDADEC5B-E269-4664-888E-EB688C3B10F3}.Release|Any CPU.Build.0 = Release|Any CPU
		{1B218123-527A-4EBF-A557-7B03FFA8A075}.Debug|Any CPU.ActiveCfg = Debug|Any CPU
		{1B218123-527A-4EBF-A557-7B03FFA8A075}.Debug|Any CPU.Build.0 = Debug|Any CPU
		{1B218123-527A-4EBF-A557-7B03FFA8A075}.Release|Any CPU.ActiveCfg = Release|Any CPU
		{1B218123-527A-4EBF-A557-7B03FFA8A075}.Release|Any CPU.Build.0 = Release|Any CPU
		{2A845C2C-AB41-4BB4-B06C-33016FE8F0FD}.Debug|Any CPU.ActiveCfg = Debug|Any CPU
		{2A845C2C-AB41-4BB4-B06C-33016FE8F0FD}.Debug|Any CPU.Build.0 = Debug|Any CPU
		{2A845C2C-AB41-4BB4-B06C-33016FE8F0FD}.Release|Any CPU.ActiveCfg = Release|Any CPU
		{2A845C2C-AB41-4BB4-B06C-33016FE8F0FD}.Release|Any CPU.Build.0 = Release|Any CPU
	EndGlobalSection
	GlobalSection(SolutionProperties) = preSolution
		HideSolutionNode = FALSE
	EndGlobalSection
	GlobalSection(ExtensibilityGlobals) = postSolution
		SolutionGuid = {9B5BB6DE-EF19-4686-AA08-19F58DA22F6E}
	EndGlobalSection
EndGlobal
